// !$*UTF8*$!
{
	archiveVersion = 1;
	classes = {
	};
	objectVersion = 46;
	objects = {

/* Begin PBXBuildFile section */
		131BCDF31C0E51DC00D2CE57 /* XMLParser.swift in Sources */ = {isa = PBXBuildFile; fileRef = 131BCDF21C0E51DC00D2CE57 /* XMLParser.swift */; };
		131BCDFB1C0E5DEB00D2CE57 /* Passenger.swift in Sources */ = {isa = PBXBuildFile; fileRef = 131BCDFA1C0E5DEB00D2CE57 /* Passenger.swift */; };
		460A57071C0E4CDF00367302 /* data.xml in Resources */ = {isa = PBXBuildFile; fileRef = 460A57061C0E4CDF00367302 /* data.xml */; };
		460A57081C0E4CDF00367302 /* data.xml in Resources */ = {isa = PBXBuildFile; fileRef = 460A57061C0E4CDF00367302 /* data.xml */; };
		460A57091C0E4CDF00367302 /* data.xml in Resources */ = {isa = PBXBuildFile; fileRef = 460A57061C0E4CDF00367302 /* data.xml */; };
		46D3C4F31C0E4719000C7BA3 /* AppDelegate.swift in Sources */ = {isa = PBXBuildFile; fileRef = 46D3C4F21C0E4719000C7BA3 /* AppDelegate.swift */; };
		46D3C4F51C0E4719000C7BA3 /* MasterViewController.swift in Sources */ = {isa = PBXBuildFile; fileRef = 46D3C4F41C0E4719000C7BA3 /* MasterViewController.swift */; };
		46D3C4F71C0E4719000C7BA3 /* DetailViewController.swift in Sources */ = {isa = PBXBuildFile; fileRef = 46D3C4F61C0E4719000C7BA3 /* DetailViewController.swift */; };
		46D3C4FA1C0E4719000C7BA3 /* Main.storyboard in Resources */ = {isa = PBXBuildFile; fileRef = 46D3C4F81C0E4719000C7BA3 /* Main.storyboard */; };
		46D3C4FC1C0E4719000C7BA3 /* Assets.xcassets in Resources */ = {isa = PBXBuildFile; fileRef = 46D3C4FB1C0E4719000C7BA3 /* Assets.xcassets */; };
		46D3C4FF1C0E4719000C7BA3 /* LaunchScreen.storyboard in Resources */ = {isa = PBXBuildFile; fileRef = 46D3C4FD1C0E4719000C7BA3 /* LaunchScreen.storyboard */; };
		46D3C50A1C0E4719000C7BA3 /* TitanicTests.swift in Sources */ = {isa = PBXBuildFile; fileRef = 46D3C5091C0E4719000C7BA3 /* TitanicTests.swift */; };
		46D3C5151C0E4719000C7BA3 /* TitanicUITests.swift in Sources */ = {isa = PBXBuildFile; fileRef = 46D3C5141C0E4719000C7BA3 /* TitanicUITests.swift */; };
/* End PBXBuildFile section */

/* Begin PBXContainerItemProxy section */
		46D3C5061C0E4719000C7BA3 /* PBXContainerItemProxy */ = {
			isa = PBXContainerItemProxy;
			containerPortal = 46D3C4E71C0E4719000C7BA3 /* Project object */;
			proxyType = 1;
			remoteGlobalIDString = 46D3C4EE1C0E4719000C7BA3;
			remoteInfo = Titanic;
		};
		46D3C5111C0E4719000C7BA3 /* PBXContainerItemProxy */ = {
			isa = PBXContainerItemProxy;
			containerPortal = 46D3C4E71C0E4719000C7BA3 /* Project object */;
			proxyType = 1;
			remoteGlobalIDString = 46D3C4EE1C0E4719000C7BA3;
			remoteInfo = Titanic;
		};
/* End PBXContainerItemProxy section */

/* Begin PBXFileReference section */
		131BCDF21C0E51DC00D2CE57 /* XMLParser.swift */ = {isa = PBXFileReference; fileEncoding = 4; lastKnownFileType = sourcecode.swift; path = XMLParser.swift; sourceTree = "<group>"; };
		131BCDFA1C0E5DEB00D2CE57 /* Passenger.swift */ = {isa = PBXFileReference; fileEncoding = 4; lastKnownFileType = sourcecode.swift; name = Passenger.swift; path = Titanic/Passenger.swift; sourceTree = "<group>"; };
		460A57061C0E4CDF00367302 /* data.xml */ = {isa = PBXFileReference; fileEncoding = 4; lastKnownFileType = text.xml; path = data.xml; sourceTree = "<group>"; };
		46D3C4EF1C0E4719000C7BA3 /* Titanic.app */ = {isa = PBXFileReference; explicitFileType = wrapper.application; includeInIndex = 0; path = Titanic.app; sourceTree = BUILT_PRODUCTS_DIR; };
		46D3C4F21C0E4719000C7BA3 /* AppDelegate.swift */ = {isa = PBXFileReference; lastKnownFileType = sourcecode.swift; path = AppDelegate.swift; sourceTree = "<group>"; };
		46D3C4F41C0E4719000C7BA3 /* MasterViewController.swift */ = {isa = PBXFileReference; lastKnownFileType = sourcecode.swift; path = MasterViewController.swift; sourceTree = "<group>"; };
		46D3C4F61C0E4719000C7BA3 /* DetailViewController.swift */ = {isa = PBXFileReference; lastKnownFileType = sourcecode.swift; path = DetailViewController.swift; sourceTree = "<group>"; };
		46D3C4F91C0E4719000C7BA3 /* Base */ = {isa = PBXFileReference; lastKnownFileType = file.storyboard; name = Base; path = Base.lproj/Main.storyboard; sourceTree = "<group>"; };
		46D3C4FB1C0E4719000C7BA3 /* Assets.xcassets */ = {isa = PBXFileReference; lastKnownFileType = folder.assetcatalog; path = Assets.xcassets; sourceTree = "<group>"; };
		46D3C4FE1C0E4719000C7BA3 /* Base */ = {isa = PBXFileReference; lastKnownFileType = file.storyboard; name = Base; path = Base.lproj/LaunchScreen.storyboard; sourceTree = "<group>"; };
		46D3C5001C0E4719000C7BA3 /* Info.plist */ = {isa = PBXFileReference; lastKnownFileType = text.plist.xml; path = Info.plist; sourceTree = "<group>"; };
		46D3C5051C0E4719000C7BA3 /* TitanicTests.xctest */ = {isa = PBXFileReference; explicitFileType = wrapper.cfbundle; includeInIndex = 0; path = TitanicTests.xctest; sourceTree = BUILT_PRODUCTS_DIR; };
		46D3C5091C0E4719000C7BA3 /* TitanicTests.swift */ = {isa = PBXFileReference; lastKnownFileType = sourcecode.swift; path = TitanicTests.swift; sourceTree = "<group>"; };
		46D3C50B1C0E4719000C7BA3 /* Info.plist */ = {isa = PBXFileReference; lastKnownFileType = text.plist.xml; path = Info.plist; sourceTree = "<group>"; };
		46D3C5101C0E4719000C7BA3 /* TitanicUITests.xctest */ = {isa = PBXFileReference; explicitFileType = wrapper.cfbundle; includeInIndex = 0; path = TitanicUITests.xctest; sourceTree = BUILT_PRODUCTS_DIR; };
		46D3C5141C0E4719000C7BA3 /* TitanicUITests.swift */ = {isa = PBXFileReference; lastKnownFileType = sourcecode.swift; path = TitanicUITests.swift; sourceTree = "<group>"; };
		46D3C5161C0E4719000C7BA3 /* Info.plist */ = {isa = PBXFileReference; lastKnownFileType = text.plist.xml; path = Info.plist; sourceTree = "<group>"; };
/* End PBXFileReference section */

/* Begin PBXFrameworksBuildPhase section */
		46D3C4EC1C0E4719000C7BA3 /* Frameworks */ = {
			isa = PBXFrameworksBuildPhase;
			buildActionMask = 2147483647;
			files = (
			);
			runOnlyForDeploymentPostprocessing = 0;
		};
		46D3C5021C0E4719000C7BA3 /* Frameworks */ = {
			isa = PBXFrameworksBuildPhase;
			buildActionMask = 2147483647;
			files = (
			);
			runOnlyForDeploymentPostprocessing = 0;
		};
		46D3C50D1C0E4719000C7BA3 /* Frameworks */ = {
			isa = PBXFrameworksBuildPhase;
			buildActionMask = 2147483647;
			files = (
			);
			runOnlyForDeploymentPostprocessing = 0;
		};
/* End PBXFrameworksBuildPhase section */

/* Begin PBXGroup section */
		46D3C4E61C0E4719000C7BA3 = {
			isa = PBXGroup;
			children = (
				131BCDFA1C0E5DEB00D2CE57 /* Passenger.swift */,
				46D3C4F11C0E4719000C7BA3 /* Titanic */,
				46D3C5081C0E4719000C7BA3 /* TitanicTests */,
				46D3C5131C0E4719000C7BA3 /* TitanicUITests */,
				46D3C4F01C0E4719000C7BA3 /* Products */,
			);
			sourceTree = "<group>";
		};
		46D3C4F01C0E4719000C7BA3 /* Products */ = {
			isa = PBXGroup;
			children = (
				46D3C4EF1C0E4719000C7BA3 /* Titanic.app */,
				46D3C5051C0E4719000C7BA3 /* TitanicTests.xctest */,
				46D3C5101C0E4719000C7BA3 /* TitanicUITests.xctest */,
			);
			name = Products;
			sourceTree = "<group>";
		};
		46D3C4F11C0E4719000C7BA3 /* Titanic */ = {
			isa = PBXGroup;
			children = (
				46D3C4F21C0E4719000C7BA3 /* AppDelegate.swift */,
				46D3C4F41C0E4719000C7BA3 /* MasterViewController.swift */,
				46D3C4F61C0E4719000C7BA3 /* DetailViewController.swift */,
				46D3C4F81C0E4719000C7BA3 /* Main.storyboard */,
				46D3C4FB1C0E4719000C7BA3 /* Assets.xcassets */,
				46D3C4FD1C0E4719000C7BA3 /* LaunchScreen.storyboard */,
				46D3C5001C0E4719000C7BA3 /* Info.plist */,
				460A57061C0E4CDF00367302 /* data.xml */,
				131BCDF21C0E51DC00D2CE57 /* XMLParser.swift */,
			);
			path = Titanic;
			sourceTree = "<group>";
		};
		46D3C5081C0E4719000C7BA3 /* TitanicTests */ = {
			isa = PBXGroup;
			children = (
				46D3C5091C0E4719000C7BA3 /* TitanicTests.swift */,
				46D3C50B1C0E4719000C7BA3 /* Info.plist */,
			);
			path = TitanicTests;
			sourceTree = "<group>";
		};
		46D3C5131C0E4719000C7BA3 /* TitanicUITests */ = {
			isa = PBXGroup;
			children = (
				46D3C5141C0E4719000C7BA3 /* TitanicUITests.swift */,
				46D3C5161C0E4719000C7BA3 /* Info.plist */,
			);
			path = TitanicUITests;
			sourceTree = "<group>";
		};
/* End PBXGroup section */

/* Begin PBXNativeTarget section */
		46D3C4EE1C0E4719000C7BA3 /* Titanic */ = {
			isa = PBXNativeTarget;
			buildConfigurationList = 46D3C5191C0E4719000C7BA3 /* Build configuration list for PBXNativeTarget "Titanic" */;
			buildPhases = (
				46D3C4EB1C0E4719000C7BA3 /* Sources */,
				46D3C4EC1C0E4719000C7BA3 /* Frameworks */,
				46D3C4ED1C0E4719000C7BA3 /* Resources */,
			);
			buildRules = (
			);
			dependencies = (
			);
			name = Titanic;
			productName = Titanic;
			productReference = 46D3C4EF1C0E4719000C7BA3 /* Titanic.app */;
			productType = "com.apple.product-type.application";
		};
		46D3C5041C0E4719000C7BA3 /* TitanicTests */ = {
			isa = PBXNativeTarget;
			buildConfigurationList = 46D3C51C1C0E4719000C7BA3 /* Build configuration list for PBXNativeTarget "TitanicTests" */;
			buildPhases = (
				46D3C5011C0E4719000C7BA3 /* Sources */,
				46D3C5021C0E4719000C7BA3 /* Frameworks */,
				46D3C5031C0E4719000C7BA3 /* Resources */,
			);
			buildRules = (
			);
			dependencies = (
				46D3C5071C0E4719000C7BA3 /* PBXTargetDependency */,
			);
			name = TitanicTests;
			productName = TitanicTests;
			productReference = 46D3C5051C0E4719000C7BA3 /* TitanicTests.xctest */;
			productType = "com.apple.product-type.bundle.unit-test";
		};
		46D3C50F1C0E4719000C7BA3 /* TitanicUITests */ = {
			isa = PBXNativeTarget;
			buildConfigurationList = 46D3C51F1C0E4719000C7BA3 /* Build configuration list for PBXNativeTarget "TitanicUITests" */;
			buildPhases = (
				46D3C50C1C0E4719000C7BA3 /* Sources */,
				46D3C50D1C0E4719000C7BA3 /* Frameworks */,
				46D3C50E1C0E4719000C7BA3 /* Resources */,
			);
			buildRules = (
			);
			dependencies = (
				46D3C5121C0E4719000C7BA3 /* PBXTargetDependency */,
			);
			name = TitanicUITests;
			productName = TitanicUITests;
			productReference = 46D3C5101C0E4719000C7BA3 /* TitanicUITests.xctest */;
			productType = "com.apple.product-type.bundle.ui-testing";
		};
/* End PBXNativeTarget section */

/* Begin PBXProject section */
		46D3C4E71C0E4719000C7BA3 /* Project object */ = {
			isa = PBXProject;
			attributes = {
				LastSwiftUpdateCheck = 0710;
				LastUpgradeCheck = 0710;
				ORGANIZATIONNAME = "Drew Keller";
				TargetAttributes = {
					46D3C4EE1C0E4719000C7BA3 = {
						CreatedOnToolsVersion = 7.1.1;
					};
					46D3C5041C0E4719000C7BA3 = {
						CreatedOnToolsVersion = 7.1.1;
						TestTargetID = 46D3C4EE1C0E4719000C7BA3;
					};
					46D3C50F1C0E4719000C7BA3 = {
						CreatedOnToolsVersion = 7.1.1;
						TestTargetID = 46D3C4EE1C0E4719000C7BA3;
					};
				};
			};
			buildConfigurationList = 46D3C4EA1C0E4719000C7BA3 /* Build configuration list for PBXProject "Titanic" */;
			compatibilityVersion = "Xcode 3.2";
			developmentRegion = English;
			hasScannedForEncodings = 0;
			knownRegions = (
				en,
				Base,
			);
			mainGroup = 46D3C4E61C0E4719000C7BA3;
			productRefGroup = 46D3C4F01C0E4719000C7BA3 /* Products */;
			projectDirPath = "";
			projectRoot = "";
			targets = (
				46D3C4EE1C0E4719000C7BA3 /* Titanic */,
				46D3C5041C0E4719000C7BA3 /* TitanicTests */,
				46D3C50F1C0E4719000C7BA3 /* TitanicUITests */,
			);
		};
/* End PBXProject section */

/* Begin PBXResourcesBuildPhase section */
		46D3C4ED1C0E4719000C7BA3 /* Resources */ = {
			isa = PBXResourcesBuildPhase;
			buildActionMask = 2147483647;
			files = (
				46D3C4FF1C0E4719000C7BA3 /* LaunchScreen.storyboard in Resources */,
				460A57071C0E4CDF00367302 /* data.xml in Resources */,
				46D3C4FC1C0E4719000C7BA3 /* Assets.xcassets in Resources */,
				46D3C4FA1C0E4719000C7BA3 /* Main.storyboard in Resources */,
			);
			runOnlyForDeploymentPostprocessing = 0;
		};
		46D3C5031C0E4719000C7BA3 /* Resources */ = {
			isa = PBXResourcesBuildPhase;
			buildActionMask = 2147483647;
			files = (
				460A57081C0E4CDF00367302 /* data.xml in Resources */,
			);
			runOnlyForDeploymentPostprocessing = 0;
		};
		46D3C50E1C0E4719000C7BA3 /* Resources */ = {
			isa = PBXResourcesBuildPhase;
			buildActionMask = 2147483647;
			files = (
				460A57091C0E4CDF00367302 /* data.xml in Resources */,
			);
			runOnlyForDeploymentPostprocessing = 0;
		};
/* End PBXResourcesBuildPhase section */

/* Begin PBXSourcesBuildPhase section */
		46D3C4EB1C0E4719000C7BA3 /* Sources */ = {
			isa = PBXSourcesBuildPhase;
			buildActionMask = 2147483647;
			files = (
				131BCDF31C0E51DC00D2CE57 /* XMLParser.swift in Sources */,
				46D3C4F71C0E4719000C7BA3 /* DetailViewController.swift in Sources */,
				131BCDFB1C0E5DEB00D2CE57 /* Passenger.swift in Sources */,
				46D3C4F51C0E4719000C7BA3 /* MasterViewController.swift in Sources */,
				46D3C4F31C0E4719000C7BA3 /* AppDelegate.swift in Sources */,
			);
			runOnlyForDeploymentPostprocessing = 0;
		};
		46D3C5011C0E4719000C7BA3 /* Sources */ = {
			isa = PBXSourcesBuildPhase;
			buildActionMask = 2147483647;
			files = (
				46D3C50A1C0E4719000C7BA3 /* TitanicTests.swift in Sources */,
			);
			runOnlyForDeploymentPostprocessing = 0;
		};
		46D3C50C1C0E4719000C7BA3 /* Sources */ = {
			isa = PBXSourcesBuildPhase;
			buildActionMask = 2147483647;
			files = (
				46D3C5151C0E4719000C7BA3 /* TitanicUITests.swift in Sources */,
			);
			runOnlyForDeploymentPostprocessing = 0;
		};
/* End PBXSourcesBuildPhase section */

/* Begin PBXTargetDependency section */
		46D3C5071C0E4719000C7BA3 /* PBXTargetDependency */ = {
			isa = PBXTargetDependency;
			target = 46D3C4EE1C0E4719000C7BA3 /* Titanic */;
			targetProxy = 46D3C5061C0E4719000C7BA3 /* PBXContainerItemProxy */;
		};
		46D3C5121C0E4719000C7BA3 /* PBXTargetDependency */ = {
			isa = PBXTargetDependency;
			target = 46D3C4EE1C0E4719000C7BA3 /* Titanic */;
			targetProxy = 46D3C5111C0E4719000C7BA3 /* PBXContainerItemProxy */;
		};
/* End PBXTargetDependency section */

/* Begin PBXVariantGroup section */
		46D3C4F81C0E4719000C7BA3 /* Main.storyboard */ = {
			isa = PBXVariantGroup;
			children = (
				46D3C4F91C0E4719000C7BA3 /* Base */,
			);
			name = Main.storyboard;
			sourceTree = "<group>";
		};
		46D3C4FD1C0E4719000C7BA3 /* LaunchScreen.storyboard */ = {
			isa = PBXVariantGroup;
			children = (
				46D3C4FE1C0E4719000C7BA3 /* Base */,
			);
			name = LaunchScreen.storyboard;
			sourceTree = "<group>";
		};
/* End PBXVariantGroup section */

/* Begin XCBuildConfiguration section */
		46D3C5171C0E4719000C7BA3 /* Debug */ = {
			isa = XCBuildConfiguration;
			buildSettings = {
				ALWAYS_SEARCH_USER_PATHS = NO;
				CLANG_CXX_LANGUAGE_STANDARD = "gnu++0x";
				CLANG_CXX_LIBRARY = "libc++";
				CLANG_ENABLE_MODULES = YES;
				CLANG_ENABLE_OBJC_ARC = YES;
				CLANG_WARN_BOOL_CONVERSION = YES;
				CLANG_WARN_CONSTANT_CONVERSION = YES;
				CLANG_WARN_DIRECT_OBJC_ISA_USAGE = YES_ERROR;
				CLANG_WARN_EMPTY_BODY = YES;
				CLANG_WARN_ENUM_CONVERSION = YES;
				CLANG_WARN_INT_CONVERSION = YES;
				CLANG_WARN_OBJC_ROOT_CLASS = YES_ERROR;
				CLANG_WARN_UNREACHABLE_CODE = YES;
				CLANG_WARN__DUPLICATE_METHOD_MATCH = YES;
				"CODE_SIGN_IDENTITY[sdk=iphoneos*]" = "iPhone Developer";
				COPY_PHASE_STRIP = NO;
				DEBUG_INFORMATION_FORMAT = dwarf;
				ENABLE_STRICT_OBJC_MSGSEND = YES;
				ENABLE_TESTABILITY = YES;
				GCC_C_LANGUAGE_STANDARD = gnu99;
				GCC_DYNAMIC_NO_PIC = NO;
				GCC_NO_COMMON_BLOCKS = YES;
				GCC_OPTIMIZATION_LEVEL = 0;
				GCC_PREPROCESSOR_DEFINITIONS = (
					"DEBUG=1",
					"$(inherited)",
				);
				GCC_WARN_64_TO_32_BIT_CONVERSION = YES;
				GCC_WARN_ABOUT_RETURN_TYPE = YES_ERROR;
				GCC_WARN_UNDECLARED_SELECTOR = YES;
				GCC_WARN_UNINITIALIZED_AUTOS = YES_AGGRESSIVE;
				GCC_WARN_UNUSED_FUNCTION = YES;
				GCC_WARN_UNUSED_VARIABLE = YES;
				IPHONEOS_DEPLOYMENT_TARGET = 9.1;
				MTL_ENABLE_DEBUG_INFO = YES;
				ONLY_ACTIVE_ARCH = YES;
				SDKROOT = iphoneos;
				SWIFT_OPTIMIZATION_LEVEL = "-Onone";
				TARGETED_DEVICE_FAMILY = "1,2";
			};
			name = Debug;
		};
		46D3C5181C0E4719000C7BA3 /* Release */ = {
			isa = XCBuildConfiguration;
			buildSettings = {
				ALWAYS_SEARCH_USER_PATHS = NO;
				CLANG_CXX_LANGUAGE_STANDARD = "gnu++0x";
				CLANG_CXX_LIBRARY = "libc++";
				CLANG_ENABLE_MODULES = YES;
				CLANG_ENABLE_OBJC_ARC = YES;
				CLANG_WARN_BOOL_CONVERSION = YES;
				CLANG_WARN_CONSTANT_CONVERSION = YES;
				CLANG_WARN_DIRECT_OBJC_ISA_USAGE = YES_ERROR;
				CLANG_WARN_EMPTY_BODY = YES;
				CLANG_WARN_ENUM_CONVERSION = YES;
				CLANG_WARN_INT_CONVERSION = YES;
				CLANG_WARN_OBJC_ROOT_CLASS = YES_ERROR;
				CLANG_WARN_UNREACHABLE_CODE = YES;
				CLANG_WARN__DUPLICATE_METHOD_MATCH = YES;
				"CODE_SIGN_IDENTITY[sdk=iphoneos*]" = "iPhone Developer";
				COPY_PHASE_STRIP = NO;
				DEBUG_INFORMATION_FORMAT = "dwarf-with-dsym";
				ENABLE_NS_ASSERTIONS = NO;
				ENABLE_STRICT_OBJC_MSGSEND = YES;
				GCC_C_LANGUAGE_STANDARD = gnu99;
				GCC_NO_COMMON_BLOCKS = YES;
				GCC_WARN_64_TO_32_BIT_CONVERSION = YES;
				GCC_WARN_ABOUT_RETURN_TYPE = YES_ERROR;
				GCC_WARN_UNDECLARED_SELECTOR = YES;
				GCC_WARN_UNINITIALIZED_AUTOS = YES_AGGRESSIVE;
				GCC_WARN_UNUSED_FUNCTION = YES;
				GCC_WARN_UNUSED_VARIABLE = YES;
				IPHONEOS_DEPLOYMENT_TARGET = 9.1;
				MTL_ENABLE_DEBUG_INFO = NO;
				SDKROOT = iphoneos;
				TARGETED_DEVICE_FAMILY = "1,2";
				VALIDATE_PRODUCT = YES;
			};
			name = Release;
		};
		46D3C51A1C0E4719000C7BA3 /* Debug */ = {
			isa = XCBuildConfiguration;
			buildSettings = {
				ASSETCATALOG_COMPILER_APPICON_NAME = AppIcon;
				INFOPLIST_FILE = Titanic/Info.plist;
				LD_RUNPATH_SEARCH_PATHS = "$(inherited) @executable_path/Frameworks";
				PRODUCT_BUNDLE_IDENTIFIER = com.mrdrewkeller.Titanic;
				PRODUCT_NAME = "$(TARGET_NAME)";
			};
			name = Debug;
		};
		46D3C51B1C0E4719000C7BA3 /* Release */ = {
			isa = XCBuildConfiguration;
			buildSettings = {
				ASSETCATALOG_COMPILER_APPICON_NAME = AppIcon;
				INFOPLIST_FILE = Titanic/Info.plist;
				LD_RUNPATH_SEARCH_PATHS = "$(inherited) @executable_path/Frameworks";
				PRODUCT_BUNDLE_IDENTIFIER = com.mrdrewkeller.Titanic;
				PRODUCT_NAME = "$(TARGET_NAME)";
			};
			name = Release;
		};
		46D3C51D1C0E4719000C7BA3 /* Debug */ = {
			isa = XCBuildConfiguration;
			buildSettings = {
				BUNDLE_LOADER = "$(TEST_HOST)";
				INFOPLIST_FILE = TitanicTests/Info.plist;
				LD_RUNPATH_SEARCH_PATHS = "$(inherited) @executable_path/Frameworks @loader_path/Frameworks";
				PRODUCT_BUNDLE_IDENTIFIER = com.mrdrewkeller.TitanicTests;
				PRODUCT_NAME = "$(TARGET_NAME)";
				TEST_HOST = "$(BUILT_PRODUCTS_DIR)/Titanic.app/Titanic";
			};
			name = Debug;
		};
		46D3C51E1C0E4719000C7BA3 /* Release */ = {
			isa = XCBuildConfiguration;
			buildSettings = {
				BUNDLE_LOADER = "$(TEST_HOST)";
				INFOPLIST_FILE = TitanicTests/Info.plist;
				LD_RUNPATH_SEARCH_PATHS = "$(inherited) @executable_path/Frameworks @loader_path/Frameworks";
				PRODUCT_BUNDLE_IDENTIFIER = com.mrdrewkeller.TitanicTests;
				PRODUCT_NAME = "$(TARGET_NAME)";
				TEST_HOST = "$(BUILT_PRODUCTS_DIR)/Titanic.app/Titanic";
			};
			name = Release;
		};
		46D3C5201C0E4719000C7BA3 /* Debug */ = {
			isa = XCBuildConfiguration;
			buildSettings = {
				INFOPLIST_FILE = TitanicUITests/Info.plist;
				LD_RUNPATH_SEARCH_PATHS = "$(inherited) @executable_path/Frameworks @loader_path/Frameworks";
				PRODUCT_BUNDLE_IDENTIFIER = com.mrdrewkeller.TitanicUITests;
				PRODUCT_NAME = "$(TARGET_NAME)";
				TEST_TARGET_NAME = Titanic;
				USES_XCTRUNNER = YES;
			};
			name = Debug;
		};
		46D3C5211C0E4719000C7BA3 /* Release */ = {
			isa = XCBuildConfiguration;
			buildSettings = {
				INFOPLIST_FILE = TitanicUITests/Info.plist;
				LD_RUNPATH_SEARCH_PATHS = "$(inherited) @executable_path/Frameworks @loader_path/Frameworks";
				PRODUCT_BUNDLE_IDENTIFIER = com.mrdrewkeller.TitanicUITests;
				PRODUCT_NAME = "$(TARGET_NAME)";
				TEST_TARGET_NAME = Titanic;
				USES_XCTRUNNER = YES;
			};
			name = Release;
		};
/* End XCBuildConfiguration section */

/* Begin XCConfigurationList section */
		46D3C4EA1C0E4719000C7BA3 /* Build configuration list for PBXProject "Titanic" */ = {
			isa = XCConfigurationList;
			buildConfigurations = (
				46D3C5171C0E4719000C7BA3 /* Debug */,
				46D3C5181C0E4719000C7BA3 /* Release */,
			);
			defaultConfigurationIsVisible = 0;
			defaultConfigurationName = Release;
		};
		46D3C5191C0E4719000C7BA3 /* Build configuration list for PBXNativeTarget "Titanic" */ = {
			isa = XCConfigurationList;
			buildConfigurations = (
				46D3C51A1C0E4719000C7BA3 /* Debug */,
				46D3C51B1C0E4719000C7BA3 /* Release */,
			);
			defaultConfigurationIsVisible = 0;
			defaultConfigurationName = Release;
		};
		46D3C51C1C0E4719000C7BA3 /* Build configuration list for PBXNativeTarget "TitanicTests" */ = {
			isa = XCConfigurationList;
			buildConfigurations = (
				46D3C51D1C0E4719000C7BA3 /* Debug */,
				46D3C51E1C0E4719000C7BA3 /* Release */,
			);
			defaultConfigurationIsVisible = 0;
			defaultConfigurationName = Release;
		};
		46D3C51F1C0E4719000C7BA3 /* Build configuration list for PBXNativeTarget "TitanicUITests" */ = {
			isa = XCConfigurationList;
			buildConfigurations = (
				46D3C5201C0E4719000C7BA3 /* Debug */,
				46D3C5211C0E4719000C7BA3 /* Release */,
			);
			defaultConfigurationIsVisible = 0;
			defaultConfigurationName = Release;
		};
/* End XCConfigurationList section */
	};
	rootObject = 46D3C4E71C0E4719000C7BA3 /* Project object */;
}
